// !$*UTF8*$!
{
	archiveVersion = 1;
	classes = {
	};
	objectVersion = 55;
	objects = {

/* Begin PBXBuildFile section */
		22740CB9287BD69C00417FD5 /* AppDelegate.swift in Sources */ = {isa = PBXBuildFile; fileRef = 22740CB8287BD69C00417FD5 /* AppDelegate.swift */; };
		22740CBB287BD69C00417FD5 /* SceneDelegate.swift in Sources */ = {isa = PBXBuildFile; fileRef = 22740CBA287BD69C00417FD5 /* SceneDelegate.swift */; };
		22740CBD287BD69C00417FD5 /* ViewController.swift in Sources */ = {isa = PBXBuildFile; fileRef = 22740CBC287BD69C00417FD5 /* ViewController.swift */; };
		22740CC0287BD69C00417FD5 /* Main.storyboard in Resources */ = {isa = PBXBuildFile; fileRef = 22740CBE287BD69C00417FD5 /* Main.storyboard */; };
		22740CC2287BD69E00417FD5 /* Assets.xcassets in Resources */ = {isa = PBXBuildFile; fileRef = 22740CC1287BD69E00417FD5 /* Assets.xcassets */; };
		22740CC5287BD69E00417FD5 /* LaunchScreen.storyboard in Resources */ = {isa = PBXBuildFile; fileRef = 22740CC3287BD69E00417FD5 /* LaunchScreen.storyboard */; };
		22740CCD287BFD6E00417FD5 /* coffee.png in Resources */ = {isa = PBXBuildFile; fileRef = 22740CCC287BFD6E00417FD5 /* coffee.png */; };
		22740CCF287C5A5300417FD5 /* donutAndCoffee.png in Resources */ = {isa = PBXBuildFile; fileRef = 22740CCE287C5A5300417FD5 /* donutAndCoffee.png */; };
		22740CD1287C5A6300417FD5 /* coffeeBeans.png in Resources */ = {isa = PBXBuildFile; fileRef = 22740CD0287C5A6300417FD5 /* coffeeBeans.png */; };
		22740CD3287CFE7C00417FD5 /* Coffee.swift in Sources */ = {isa = PBXBuildFile; fileRef = 22740CD2287CFE7C00417FD5 /* Coffee.swift */; };
		22740CD7287D099E00417FD5 /* CoffeeTableViewCell.swift in Sources */ = {isa = PBXBuildFile; fileRef = 22740CD6287D099E00417FD5 /* CoffeeTableViewCell.swift */; };
/* End PBXBuildFile section */

/* Begin PBXFileReference section */
		22740CB5287BD69C00417FD5 /* training1.app */ = {isa = PBXFileReference; explicitFileType = wrapper.application; includeInIndex = 0; path = training1.app; sourceTree = BUILT_PRODUCTS_DIR; };
		22740CB8287BD69C00417FD5 /* AppDelegate.swift */ = {isa = PBXFileReference; lastKnownFileType = sourcecode.swift; path = AppDelegate.swift; sourceTree = "<group>"; };
		22740CBA287BD69C00417FD5 /* SceneDelegate.swift */ = {isa = PBXFileReference; lastKnownFileType = sourcecode.swift; path = SceneDelegate.swift; sourceTree = "<group>"; };
		22740CBC287BD69C00417FD5 /* ViewController.swift */ = {isa = PBXFileReference; lastKnownFileType = sourcecode.swift; path = ViewController.swift; sourceTree = "<group>"; };
		22740CBF287BD69C00417FD5 /* Base */ = {isa = PBXFileReference; lastKnownFileType = file.storyboard; name = Base; path = Base.lproj/Main.storyboard; sourceTree = "<group>"; };
		22740CC1287BD69E00417FD5 /* Assets.xcassets */ = {isa = PBXFileReference; lastKnownFileType = folder.assetcatalog; path = Assets.xcassets; sourceTree = "<group>"; };
		22740CC4287BD69E00417FD5 /* Base */ = {isa = PBXFileReference; lastKnownFileType = file.storyboard; name = Base; path = Base.lproj/LaunchScreen.storyboard; sourceTree = "<group>"; };
		22740CC6287BD69E00417FD5 /* Info.plist */ = {isa = PBXFileReference; lastKnownFileType = text.plist.xml; path = Info.plist; sourceTree = "<group>"; };
		22740CCC287BFD6E00417FD5 /* coffee.png */ = {isa = PBXFileReference; lastKnownFileType = image.png; path = coffee.png; sourceTree = "<group>"; };
		22740CCE287C5A5300417FD5 /* donutAndCoffee.png */ = {isa = PBXFileReference; lastKnownFileType = image.png; path = donutAndCoffee.png; sourceTree = "<group>"; };
		22740CD0287C5A6300417FD5 /* coffeeBeans.png */ = {isa = PBXFileReference; lastKnownFileType = image.png; path = coffeeBeans.png; sourceTree = "<group>"; };
		22740CD2287CFE7C00417FD5 /* Coffee.swift */ = {isa = PBXFileReference; lastKnownFileType = sourcecode.swift; path = Coffee.swift; sourceTree = "<group>"; };
		22740CD6287D099E00417FD5 /* CoffeeTableViewCell.swift */ = {isa = PBXFileReference; lastKnownFileType = sourcecode.swift; path = CoffeeTableViewCell.swift; sourceTree = "<group>"; };
/* End PBXFileReference section */

/* Begin PBXFrameworksBuildPhase section */
		22740CB2287BD69C00417FD5 /* Frameworks */ = {
			isa = PBXFrameworksBuildPhase;
			buildActionMask = 2147483647;
			files = (
			);
			runOnlyForDeploymentPostprocessing = 0;
		};
/* End PBXFrameworksBuildPhase section */

/* Begin PBXGroup section */
		22740CAC287BD69C00417FD5 = {
			isa = PBXGroup;
			children = (
				22740CB7287BD69C00417FD5 /* training1 */,
				22740CB6287BD69C00417FD5 /* Products */,
			);
			sourceTree = "<group>";
		};
		22740CB6287BD69C00417FD5 /* Products */ = {
			isa = PBXGroup;
			children = (
				22740CB5287BD69C00417FD5 /* training1.app */,
			);
			name = Products;
			sourceTree = "<group>";
		};
		22740CB7287BD69C00417FD5 /* training1 */ = {
			isa = PBXGroup;
			children = (
				22740CB8287BD69C00417FD5 /* AppDelegate.swift */,
				22740CBA287BD69C00417FD5 /* SceneDelegate.swift */,
				22740CBC287BD69C00417FD5 /* ViewController.swift */,
				22740CD6287D099E00417FD5 /* CoffeeTableViewCell.swift */,
				22740CD2287CFE7C00417FD5 /* Coffee.swift */,
				22740CBE287BD69C00417FD5 /* Main.storyboard */,
				22740CC1287BD69E00417FD5 /* Assets.xcassets */,
				22740CC3287BD69E00417FD5 /* LaunchScreen.storyboard */,
				22740CD0287C5A6300417FD5 /* coffeeBeans.png */,
				22740CCE287C5A5300417FD5 /* donutAndCoffee.png */,
				22740CCC287BFD6E00417FD5 /* coffee.png */,
				22740CC6287BD69E00417FD5 /* Info.plist */,
			);
			path = training1;
			sourceTree = "<group>";
		};
/* End PBXGroup section */

/* Begin PBXNativeTarget section */
		22740CB4287BD69C00417FD5 /* training1 */ = {
			isa = PBXNativeTarget;
			buildConfigurationList = 22740CC9287BD69E00417FD5 /* Build configuration list for PBXNativeTarget "training1" */;
			buildPhases = (
				22740CB1287BD69C00417FD5 /* Sources */,
				22740CB2287BD69C00417FD5 /* Frameworks */,
				22740CB3287BD69C00417FD5 /* Resources */,
			);
			buildRules = (
			);
			dependencies = (
			);
			name = training1;
			productName = training1;
			productReference = 22740CB5287BD69C00417FD5 /* training1.app */;
			productType = "com.apple.product-type.application";
		};
/* End PBXNativeTarget section */

/* Begin PBXProject section */
		22740CAD287BD69C00417FD5 /* Project object */ = {
			isa = PBXProject;
			attributes = {
				BuildIndependentTargetsInParallel = 1;
				LastSwiftUpdateCheck = 1330;
				LastUpgradeCheck = 1330;
				TargetAttributes = {
					22740CB4287BD69C00417FD5 = {
						CreatedOnToolsVersion = 13.3.1;
					};
				};
			};
			buildConfigurationList = 22740CB0287BD69C00417FD5 /* Build configuration list for PBXProject "training1" */;
			compatibilityVersion = "Xcode 13.0";
			developmentRegion = en;
			hasScannedForEncodings = 0;
			knownRegions = (
				en,
				Base,
			);
			mainGroup = 22740CAC287BD69C00417FD5;
			productRefGroup = 22740CB6287BD69C00417FD5 /* Products */;
			projectDirPath = "";
			projectRoot = "";
			targets = (
				22740CB4287BD69C00417FD5 /* training1 */,
			);
		};
/* End PBXProject section */

/* Begin PBXResourcesBuildPhase section */
		22740CB3287BD69C00417FD5 /* Resources */ = {
			isa = PBXResourcesBuildPhase;
			buildActionMask = 2147483647;
			files = (
				22740CC5287BD69E00417FD5 /* LaunchScreen.storyboard in Resources */,
				22740CCD287BFD6E00417FD5 /* coffee.png in Resources */,
				22740CC2287BD69E00417FD5 /* Assets.xcassets in Resources */,
				22740CD1287C5A6300417FD5 /* coffeeBeans.png in Resources */,
				22740CCF287C5A5300417FD5 /* donutAndCoffee.png in Resources */,
				22740CC0287BD69C00417FD5 /* Main.storyboard in Resources */,
			);
			runOnlyForDeploymentPostprocessing = 0;
		};
/* End PBXResourcesBuildPhase section */

/* Begin PBXSourcesBuildPhase section */
		22740CB1287BD69C00417FD5 /* Sources */ = {
			isa = PBXSourcesBuildPhase;
			buildActionMask = 2147483647;
			files = (
				22740CBD287BD69C00417FD5 /* ViewController.swift in Sources */,
				22740CB9287BD69C00417FD5 /* AppDelegate.swift in Sources */,
				22740CD7287D099E00417FD5 /* CoffeeTableViewCell.swift in Sources */,
				22740CBB287BD69C00417FD5 /* SceneDelegate.swift in Sources */,
				22740CD3287CFE7C00417FD5 /* Coffee.swift in Sources */,
			);
			runOnlyForDeploymentPostprocessing = 0;
		};
/* End PBXSourcesBuildPhase section */

/* Begin PBXVariantGroup section */
		22740CBE287BD69C00417FD5 /* Main.storyboard */ = {
			isa = PBXVariantGroup;
			children = (
				22740CBF287BD69C00417FD5 /* Base */,
			);
			name = Main.storyboard;
			sourceTree = "<group>";
		};
		22740CC3287BD69E00417FD5 /* LaunchScreen.storyboard */ = {
			isa = PBXVariantGroup;
			children = (
				22740CC4287BD69E00417FD5 /* Base */,
			);
			name = LaunchScreen.storyboard;
			sourceTree = "<group>";
		};
/* End PBXVariantGroup section */

/* Begin XCBuildConfiguration section */
		22740CC7287BD69E00417FD5 /* Debug */ = {
			isa = XCBuildConfiguration;
			buildSettings = {
				ALWAYS_SEARCH_USER_PATHS = NO;
				CLANG_ANALYZER_NONNULL = YES;
				CLANG_ANALYZER_NUMBER_OBJECT_CONVERSION = YES_AGGRESSIVE;
				CLANG_CXX_LANGUAGE_STANDARD = "gnu++17";
				CLANG_ENABLE_MODULES = YES;
				CLANG_ENABLE_OBJC_ARC = YES;
				CLANG_ENABLE_OBJC_WEAK = YES;
				CLANG_WARN_BLOCK_CAPTURE_AUTORELEASING = YES;
				CLANG_WARN_BOOL_CONVERSION = YES;
				CLANG_WARN_COMMA = YES;
				CLANG_WARN_CONSTANT_CONVERSION = YES;
				CLANG_WARN_DEPRECATED_OBJC_IMPLEMENTATIONS = YES;
				CLANG_WARN_DIRECT_OBJC_ISA_USAGE = YES_ERROR;
				CLANG_WARN_DOCUMENTATION_COMMENTS = YES;
				CLANG_WARN_EMPTY_BODY = YES;
				CLANG_WARN_ENUM_CONVERSION = YES;
				CLANG_WARN_INFINITE_RECURSION = YES;
				CLANG_WARN_INT_CONVERSION = YES;
				CLANG_WARN_NON_LITERAL_NULL_CONVERSION = YES;
				CLANG_WARN_OBJC_IMPLICIT_RETAIN_SELF = YES;
				CLANG_WARN_OBJC_LITERAL_CONVERSION = YES;
				CLANG_WARN_OBJC_ROOT_CLASS = YES_ERROR;
				CLANG_WARN_QUOTED_INCLUDE_IN_FRAMEWORK_HEADER = YES;
				CLANG_WARN_RANGE_LOOP_ANALYSIS = YES;
				CLANG_WARN_STRICT_PROTOTYPES = YES;
				CLANG_WARN_SUSPICIOUS_MOVE = YES;
				CLANG_WARN_UNGUARDED_AVAILABILITY = YES_AGGRESSIVE;
				CLANG_WARN_UNREACHABLE_CODE = YES;
				CLANG_WARN__DUPLICATE_METHOD_MATCH = YES;
				COPY_PHASE_STRIP = NO;
				DEBUG_INFORMATION_FORMAT = dwarf;
				ENABLE_STRICT_OBJC_MSGSEND = YES;
				ENABLE_TESTABILITY = YES;
				GCC_C_LANGUAGE_STANDARD = gnu11;
				GCC_DYNAMIC_NO_PIC = NO;
				GCC_NO_COMMON_BLOCKS = YES;
				GCC_OPTIMIZATION_LEVEL = 0;
				GCC_PREPROCESSOR_DEFINITIONS = (
					"DEBUG=1",
					"$(inherited)",
				);
				GCC_WARN_64_TO_32_BIT_CONVERSION = YES;
				GCC_WARN_ABOUT_RETURN_TYPE = YES_ERROR;
				GCC_WARN_UNDECLARED_SELECTOR = YES;
				GCC_WARN_UNINITIALIZED_AUTOS = YES_AGGRESSIVE;
				GCC_WARN_UNUSED_FUNCTION = YES;
				GCC_WARN_UNUSED_VARIABLE = YES;
				IPHONEOS_DEPLOYMENT_TARGET = 15.4;
				MTL_ENABLE_DEBUG_INFO = INCLUDE_SOURCE;
				MTL_FAST_MATH = YES;
				ONLY_ACTIVE_ARCH = YES;
				SDKROOT = iphoneos;
				SWIFT_ACTIVE_COMPILATION_CONDITIONS = DEBUG;
				SWIFT_OPTIMIZATION_LEVEL = "-Onone";
			};
			name = Debug;
		};
		22740CC8287BD69E00417FD5 /* Release */ = {
			isa = XCBuildConfiguration;
			buildSettings = {
				ALWAYS_SEARCH_USER_PATHS = NO;
				CLANG_ANALYZER_NONNULL = YES;
				CLANG_ANALYZER_NUMBER_OBJECT_CONVERSION = YES_AGGRESSIVE;
				CLANG_CXX_LANGUAGE_STANDARD = "gnu++17";
				CLANG_ENABLE_MODULES = YES;
				CLANG_ENABLE_OBJC_ARC = YES;
				CLANG_ENABLE_OBJC_WEAK = YES;
				CLANG_WARN_BLOCK_CAPTURE_AUTORELEASING = YES;
				CLANG_WARN_BOOL_CONVERSION = YES;
				CLANG_WARN_COMMA = YES;
				CLANG_WARN_CONSTANT_CONVERSION = YES;
				CLANG_WARN_DEPRECATED_OBJC_IMPLEMENTATIONS = YES;
				CLANG_WARN_DIRECT_OBJC_ISA_USAGE = YES_ERROR;
				CLANG_WARN_DOCUMENTATION_COMMENTS = YES;
				CLANG_WARN_EMPTY_BODY = YES;
				CLANG_WARN_ENUM_CONVERSION = YES;
				CLANG_WARN_INFINITE_RECURSION = YES;
				CLANG_WARN_INT_CONVERSION = YES;
				CLANG_WARN_NON_LITERAL_NULL_CONVERSION = YES;
				CLANG_WARN_OBJC_IMPLICIT_RETAIN_SELF = YES;
				CLANG_WARN_OBJC_LITERAL_CONVERSION = YES;
				CLANG_WARN_OBJC_ROOT_CLASS = YES_ERROR;
				CLANG_WARN_QUOTED_INCLUDE_IN_FRAMEWORK_HEADER = YES;
				CLANG_WARN_RANGE_LOOP_ANALYSIS = YES;
				CLANG_WARN_STRICT_PROTOTYPES = YES;
				CLANG_WARN_SUSPICIOUS_MOVE = YES;
				CLANG_WARN_UNGUARDED_AVAILABILITY = YES_AGGRESSIVE;
				CLANG_WARN_UNREACHABLE_CODE = YES;
				CLANG_WARN__DUPLICATE_METHOD_MATCH = YES;
				COPY_PHASE_STRIP = NO;
				DEBUG_INFORMATION_FORMAT = "dwarf-with-dsym";
				ENABLE_NS_ASSERTIONS = NO;
				ENABLE_STRICT_OBJC_MSGSEND = YES;
				GCC_C_LANGUAGE_STANDARD = gnu11;
				GCC_NO_COMMON_BLOCKS = YES;
				GCC_WARN_64_TO_32_BIT_CONVERSION = YES;
				GCC_WARN_ABOUT_RETURN_TYPE = YES_ERROR;
				GCC_WARN_UNDECLARED_SELECTOR = YES;
				GCC_WARN_UNINITIALIZED_AUTOS = YES_AGGRESSIVE;
				GCC_WARN_UNUSED_FUNCTION = YES;
				GCC_WARN_UNUSED_VARIABLE = YES;
				IPHONEOS_DEPLOYMENT_TARGET = 15.4;
				MTL_ENABLE_DEBUG_INFO = NO;
				MTL_FAST_MATH = YES;
				SDKROOT = iphoneos;
				SWIFT_COMPILATION_MODE = wholemodule;
				SWIFT_OPTIMIZATION_LEVEL = "-O";
				VALIDATE_PRODUCT = YES;
			};
			name = Release;
		};
		22740CCA287BD69E00417FD5 /* Debug */ = {
			isa = XCBuildConfiguration;
			buildSettings = {
				ASSETCATALOG_COMPILER_APPICON_NAME = AppIcon;
				ASSETCATALOG_COMPILER_GLOBAL_ACCENT_COLOR_NAME = AccentColor;
				CODE_SIGN_STYLE = Automatic;
				CURRENT_PROJECT_VERSION = 1;
				DEVELOPMENT_TEAM = R5952G3B6X;
				GENERATE_INFOPLIST_FILE = YES;
				INFOPLIST_FILE = training1/Info.plist;
				INFOPLIST_KEY_CFBundleDisplayName = training1;
				INFOPLIST_KEY_UIApplicationSupportsIndirectInputEvents = YES;
				INFOPLIST_KEY_UILaunchStoryboardName = LaunchScreen;
				INFOPLIST_KEY_UIMainStoryboardFile = Main;
				INFOPLIST_KEY_UISupportedInterfaceOrientations_iPad = "UIInterfaceOrientationPortrait UIInterfaceOrientationPortraitUpsideDown UIInterfaceOrientationLandscapeLeft UIInterfaceOrientationLandscapeRight";
				INFOPLIST_KEY_UISupportedInterfaceOrientations_iPhone = "UIInterfaceOrientationPortrait UIInterfaceOrientationLandscapeLeft UIInterfaceOrientationLandscapeRight";
				LD_RUNPATH_SEARCH_PATHS = (
					"$(inherited)",
					"@executable_path/Frameworks",
				);
				MARKETING_VERSION = 1.0;
				PRODUCT_BUNDLE_IDENTIFIER = com.natincs.komuro.s.training1;
				PRODUCT_NAME = "$(TARGET_NAME)";
				SWIFT_EMIT_LOC_STRINGS = YES;
				SWIFT_VERSION = 5.0;
				TARGETED_DEVICE_FAMILY = "1,2";
			};
			name = Debug;
		};
		22740CCB287BD69E00417FD5 /* Release */ = {
			isa = XCBuildConfiguration;
			buildSettings = {
				ASSETCATALOG_COMPILER_APPICON_NAME = AppIcon;
				ASSETCATALOG_COMPILER_GLOBAL_ACCENT_COLOR_NAME = AccentColor;
				CODE_SIGN_STYLE = Automatic;
				CURRENT_PROJECT_VERSION = 1;
				DEVELOPMENT_TEAM = R5952G3B6X;
				GENERATE_INFOPLIST_FILE = YES;
				INFOPLIST_FILE = training1/Info.plist;
				INFOPLIST_KEY_CFBundleDisplayName = training1;
				INFOPLIST_KEY_UIApplicationSupportsIndirectInputEvents = YES;
				INFOPLIST_KEY_UILaunchStoryboardName = LaunchScreen;
				INFOPLIST_KEY_UIMainStoryboardFile = Main;
				INFOPLIST_KEY_UISupportedInterfaceOrientations_iPad = "UIInterfaceOrientationPortrait UIInterfaceOrientationPortraitUpsideDown UIInterfaceOrientationLandscapeLeft UIInterfaceOrientationLandscapeRight";
				INFOPLIST_KEY_UISupportedInterfaceOrientations_iPhone = "UIInterfaceOrientationPortrait UIInterfaceOrientationLandscapeLeft UIInterfaceOrientationLandscapeRight";
				LD_RUNPATH_SEARCH_PATHS = (
					"$(inherited)",
					"@executable_path/Frameworks",
				);
				MARKETING_VERSION = 1.0;
				PRODUCT_BUNDLE_IDENTIFIER = com.natincs.komuro.s.training1;
				PRODUCT_NAME = "$(TARGET_NAME)";
				SWIFT_EMIT_LOC_STRINGS = YES;
				SWIFT_VERSION = 5.0;
				TARGETED_DEVICE_FAMILY = "1,2";
			};
			name = Release;
		};
/* End XCBuildConfiguration section */

/* Begin XCConfigurationList section */
		22740CB0287BD69C00417FD5 /* Build configuration list for PBXProject "training1" */ = {
			isa = XCConfigurationList;
			buildConfigurations = (
				22740CC7287BD69E00417FD5 /* Debug */,
				22740CC8287BD69E00417FD5 /* Release */,
			);
			defaultConfigurationIsVisible = 0;
			defaultConfigurationName = Release;
		};
		22740CC9287BD69E00417FD5 /* Build configuration list for PBXNativeTarget "training1" */ = {
			isa = XCConfigurationList;
			buildConfigurations = (
				22740CCA287BD69E00417FD5 /* Debug */,
				22740CCB287BD69E00417FD5 /* Release */,
			);
			defaultConfigurationIsVisible = 0;
			defaultConfigurationName = Release;
		};
/* End XCConfigurationList section */
	};
	rootObject = 22740CAD287BD69C00417FD5 /* Project object */;
}
