// !$*UTF8*$!
{
	archiveVersion = 1;
	classes = {
	};
	objectVersion = 55;
	objects = {

/* Begin PBXBuildFile section */
		220CD1AB28B5FA4400F67BE6 /* AppDelegate.swift in Sources */ = {isa = PBXBuildFile; fileRef = 220CD1AA28B5FA4400F67BE6 /* AppDelegate.swift */; };
		220CD1AD28B5FA4400F67BE6 /* SceneDelegate.swift in Sources */ = {isa = PBXBuildFile; fileRef = 220CD1AC28B5FA4400F67BE6 /* SceneDelegate.swift */; };
		220CD1AF28B5FA4400F67BE6 /* ViewController.swift in Sources */ = {isa = PBXBuildFile; fileRef = 220CD1AE28B5FA4400F67BE6 /* ViewController.swift */; };
		220CD1B228B5FA4400F67BE6 /* Main.storyboard in Resources */ = {isa = PBXBuildFile; fileRef = 220CD1B028B5FA4400F67BE6 /* Main.storyboard */; };
		220CD1B428B5FA4500F67BE6 /* Assets.xcassets in Resources */ = {isa = PBXBuildFile; fileRef = 220CD1B328B5FA4500F67BE6 /* Assets.xcassets */; };
		220CD1B728B5FA4500F67BE6 /* LaunchScreen.storyboard in Resources */ = {isa = PBXBuildFile; fileRef = 220CD1B528B5FA4500F67BE6 /* LaunchScreen.storyboard */; };
		22D6155128B6037400FF6B52 /* SecondViewController.swift in Sources */ = {isa = PBXBuildFile; fileRef = 22D6155028B6037400FF6B52 /* SecondViewController.swift */; };
		22D6155328B759B800FF6B52 /* donutAndCoffee.png in Resources */ = {isa = PBXBuildFile; fileRef = 22D6155228B759B800FF6B52 /* donutAndCoffee.png */; };
		22D6155528B899D700FF6B52 /* temple.jpeg in Resources */ = {isa = PBXBuildFile; fileRef = 22D6155428B899D600FF6B52 /* temple.jpeg */; };
		22D6155728B8B38E00FF6B52 /* ThirdViewController.swift in Sources */ = {isa = PBXBuildFile; fileRef = 22D6155628B8B38E00FF6B52 /* ThirdViewController.swift */; };
		22D6155928B8B45600FF6B52 /* IMG_7572.jpeg in Resources */ = {isa = PBXBuildFile; fileRef = 22D6155828B8B45600FF6B52 /* IMG_7572.jpeg */; };
/* End PBXBuildFile section */

/* Begin PBXFileReference section */
		220CD1A728B5FA4400F67BE6 /* Learning-FaboSwiftDocs4.app */ = {isa = PBXFileReference; explicitFileType = wrapper.application; includeInIndex = 0; path = "Learning-FaboSwiftDocs4.app"; sourceTree = BUILT_PRODUCTS_DIR; };
		220CD1AA28B5FA4400F67BE6 /* AppDelegate.swift */ = {isa = PBXFileReference; lastKnownFileType = sourcecode.swift; path = AppDelegate.swift; sourceTree = "<group>"; };
		220CD1AC28B5FA4400F67BE6 /* SceneDelegate.swift */ = {isa = PBXFileReference; lastKnownFileType = sourcecode.swift; path = SceneDelegate.swift; sourceTree = "<group>"; };
		220CD1AE28B5FA4400F67BE6 /* ViewController.swift */ = {isa = PBXFileReference; lastKnownFileType = sourcecode.swift; path = ViewController.swift; sourceTree = "<group>"; };
		220CD1B128B5FA4400F67BE6 /* Base */ = {isa = PBXFileReference; lastKnownFileType = file.storyboard; name = Base; path = Base.lproj/Main.storyboard; sourceTree = "<group>"; };
		220CD1B328B5FA4500F67BE6 /* Assets.xcassets */ = {isa = PBXFileReference; lastKnownFileType = folder.assetcatalog; path = Assets.xcassets; sourceTree = "<group>"; };
		220CD1B628B5FA4500F67BE6 /* Base */ = {isa = PBXFileReference; lastKnownFileType = file.storyboard; name = Base; path = Base.lproj/LaunchScreen.storyboard; sourceTree = "<group>"; };
		220CD1B828B5FA4500F67BE6 /* Info.plist */ = {isa = PBXFileReference; lastKnownFileType = text.plist.xml; path = Info.plist; sourceTree = "<group>"; };
		22D6155028B6037400FF6B52 /* SecondViewController.swift */ = {isa = PBXFileReference; lastKnownFileType = sourcecode.swift; path = SecondViewController.swift; sourceTree = "<group>"; };
		22D6155228B759B800FF6B52 /* donutAndCoffee.png */ = {isa = PBXFileReference; lastKnownFileType = image.png; path = donutAndCoffee.png; sourceTree = "<group>"; };
		22D6155428B899D600FF6B52 /* temple.jpeg */ = {isa = PBXFileReference; lastKnownFileType = image.jpeg; path = temple.jpeg; sourceTree = "<group>"; };
		22D6155628B8B38E00FF6B52 /* ThirdViewController.swift */ = {isa = PBXFileReference; lastKnownFileType = sourcecode.swift; path = ThirdViewController.swift; sourceTree = "<group>"; };
		22D6155828B8B45600FF6B52 /* IMG_7572.jpeg */ = {isa = PBXFileReference; lastKnownFileType = image.jpeg; path = IMG_7572.jpeg; sourceTree = "<group>"; };
/* End PBXFileReference section */

/* Begin PBXFrameworksBuildPhase section */
		220CD1A428B5FA4400F67BE6 /* Frameworks */ = {
			isa = PBXFrameworksBuildPhase;
			buildActionMask = 2147483647;
			files = (
			);
			runOnlyForDeploymentPostprocessing = 0;
		};
/* End PBXFrameworksBuildPhase section */

/* Begin PBXGroup section */
		220CD19E28B5FA4400F67BE6 = {
			isa = PBXGroup;
			children = (
				22D6155628B8B38E00FF6B52 /* ThirdViewController.swift */,
				220CD1A928B5FA4400F67BE6 /* Learning-FaboSwiftDocs4 */,
				220CD1A828B5FA4400F67BE6 /* Products */,
			);
			sourceTree = "<group>";
		};
		220CD1A828B5FA4400F67BE6 /* Products */ = {
			isa = PBXGroup;
			children = (
				220CD1A728B5FA4400F67BE6 /* Learning-FaboSwiftDocs4.app */,
			);
			name = Products;
			sourceTree = "<group>";
		};
		220CD1A928B5FA4400F67BE6 /* Learning-FaboSwiftDocs4 */ = {
			isa = PBXGroup;
			children = (
				220CD1AA28B5FA4400F67BE6 /* AppDelegate.swift */,
				220CD1AC28B5FA4400F67BE6 /* SceneDelegate.swift */,
				220CD1AE28B5FA4400F67BE6 /* ViewController.swift */,
				22D6155028B6037400FF6B52 /* SecondViewController.swift */,
				220CD1B028B5FA4400F67BE6 /* Main.storyboard */,
				220CD1B328B5FA4500F67BE6 /* Assets.xcassets */,
				220CD1B528B5FA4500F67BE6 /* LaunchScreen.storyboard */,
				22D6155828B8B45600FF6B52 /* IMG_7572.jpeg */,
				22D6155428B899D600FF6B52 /* temple.jpeg */,
				22D6155228B759B800FF6B52 /* donutAndCoffee.png */,
				220CD1B828B5FA4500F67BE6 /* Info.plist */,
			);
			path = "Learning-FaboSwiftDocs4";
			sourceTree = "<group>";
		};
/* End PBXGroup section */

/* Begin PBXNativeTarget section */
		220CD1A628B5FA4400F67BE6 /* Learning-FaboSwiftDocs4 */ = {
			isa = PBXNativeTarget;
			buildConfigurationList = 220CD1BB28B5FA4500F67BE6 /* Build configuration list for PBXNativeTarget "Learning-FaboSwiftDocs4" */;
			buildPhases = (
				220CD1A328B5FA4400F67BE6 /* Sources */,
				220CD1A428B5FA4400F67BE6 /* Frameworks */,
				220CD1A528B5FA4400F67BE6 /* Resources */,
			);
			buildRules = (
			);
			dependencies = (
			);
			name = "Learning-FaboSwiftDocs4";
			productName = "Learning-FaboSwiftDocs4";
			productReference = 220CD1A728B5FA4400F67BE6 /* Learning-FaboSwiftDocs4.app */;
			productType = "com.apple.product-type.application";
		};
/* End PBXNativeTarget section */

/* Begin PBXProject section */
		220CD19F28B5FA4400F67BE6 /* Project object */ = {
			isa = PBXProject;
			attributes = {
				BuildIndependentTargetsInParallel = 1;
				LastSwiftUpdateCheck = 1330;
				LastUpgradeCheck = 1330;
				TargetAttributes = {
					220CD1A628B5FA4400F67BE6 = {
						CreatedOnToolsVersion = 13.3.1;
					};
				};
			};
			buildConfigurationList = 220CD1A228B5FA4400F67BE6 /* Build configuration list for PBXProject "Learning-FaboSwiftDocs4" */;
			compatibilityVersion = "Xcode 13.0";
			developmentRegion = en;
			hasScannedForEncodings = 0;
			knownRegions = (
				en,
				Base,
			);
			mainGroup = 220CD19E28B5FA4400F67BE6;
			productRefGroup = 220CD1A828B5FA4400F67BE6 /* Products */;
			projectDirPath = "";
			projectRoot = "";
			targets = (
				220CD1A628B5FA4400F67BE6 /* Learning-FaboSwiftDocs4 */,
			);
		};
/* End PBXProject section */

/* Begin PBXResourcesBuildPhase section */
		220CD1A528B5FA4400F67BE6 /* Resources */ = {
			isa = PBXResourcesBuildPhase;
			buildActionMask = 2147483647;
			files = (
				22D6155928B8B45600FF6B52 /* IMG_7572.jpeg in Resources */,
				220CD1B728B5FA4500F67BE6 /* LaunchScreen.storyboard in Resources */,
				22D6155528B899D700FF6B52 /* temple.jpeg in Resources */,
				220CD1B428B5FA4500F67BE6 /* Assets.xcassets in Resources */,
				22D6155328B759B800FF6B52 /* donutAndCoffee.png in Resources */,
				220CD1B228B5FA4400F67BE6 /* Main.storyboard in Resources */,
			);
			runOnlyForDeploymentPostprocessing = 0;
		};
/* End PBXResourcesBuildPhase section */

/* Begin PBXSourcesBuildPhase section */
		220CD1A328B5FA4400F67BE6 /* Sources */ = {
			isa = PBXSourcesBuildPhase;
			buildActionMask = 2147483647;
			files = (
				22D6155128B6037400FF6B52 /* SecondViewController.swift in Sources */,
				220CD1AF28B5FA4400F67BE6 /* ViewController.swift in Sources */,
				22D6155728B8B38E00FF6B52 /* ThirdViewController.swift in Sources */,
				220CD1AB28B5FA4400F67BE6 /* AppDelegate.swift in Sources */,
				220CD1AD28B5FA4400F67BE6 /* SceneDelegate.swift in Sources */,
			);
			runOnlyForDeploymentPostprocessing = 0;
		};
/* End PBXSourcesBuildPhase section */

/* Begin PBXVariantGroup section */
		220CD1B028B5FA4400F67BE6 /* Main.storyboard */ = {
			isa = PBXVariantGroup;
			children = (
				220CD1B128B5FA4400F67BE6 /* Base */,
			);
			name = Main.storyboard;
			sourceTree = "<group>";
		};
		220CD1B528B5FA4500F67BE6 /* LaunchScreen.storyboard */ = {
			isa = PBXVariantGroup;
			children = (
				220CD1B628B5FA4500F67BE6 /* Base */,
			);
			name = LaunchScreen.storyboard;
			sourceTree = "<group>";
		};
/* End PBXVariantGroup section */

/* Begin XCBuildConfiguration section */
		220CD1B928B5FA4500F67BE6 /* Debug */ = {
			isa = XCBuildConfiguration;
			buildSettings = {
				ALWAYS_SEARCH_USER_PATHS = NO;
				CLANG_ANALYZER_NONNULL = YES;
				CLANG_ANALYZER_NUMBER_OBJECT_CONVERSION = YES_AGGRESSIVE;
				CLANG_CXX_LANGUAGE_STANDARD = "gnu++17";
				CLANG_ENABLE_MODULES = YES;
				CLANG_ENABLE_OBJC_ARC = YES;
				CLANG_ENABLE_OBJC_WEAK = YES;
				CLANG_WARN_BLOCK_CAPTURE_AUTORELEASING = YES;
				CLANG_WARN_BOOL_CONVERSION = YES;
				CLANG_WARN_COMMA = YES;
				CLANG_WARN_CONSTANT_CONVERSION = YES;
				CLANG_WARN_DEPRECATED_OBJC_IMPLEMENTATIONS = YES;
				CLANG_WARN_DIRECT_OBJC_ISA_USAGE = YES_ERROR;
				CLANG_WARN_DOCUMENTATION_COMMENTS = YES;
				CLANG_WARN_EMPTY_BODY = YES;
				CLANG_WARN_ENUM_CONVERSION = YES;
				CLANG_WARN_INFINITE_RECURSION = YES;
				CLANG_WARN_INT_CONVERSION = YES;
				CLANG_WARN_NON_LITERAL_NULL_CONVERSION = YES;
				CLANG_WARN_OBJC_IMPLICIT_RETAIN_SELF = YES;
				CLANG_WARN_OBJC_LITERAL_CONVERSION = YES;
				CLANG_WARN_OBJC_ROOT_CLASS = YES_ERROR;
				CLANG_WARN_QUOTED_INCLUDE_IN_FRAMEWORK_HEADER = YES;
				CLANG_WARN_RANGE_LOOP_ANALYSIS = YES;
				CLANG_WARN_STRICT_PROTOTYPES = YES;
				CLANG_WARN_SUSPICIOUS_MOVE = YES;
				CLANG_WARN_UNGUARDED_AVAILABILITY = YES_AGGRESSIVE;
				CLANG_WARN_UNREACHABLE_CODE = YES;
				CLANG_WARN__DUPLICATE_METHOD_MATCH = YES;
				COPY_PHASE_STRIP = NO;
				DEBUG_INFORMATION_FORMAT = dwarf;
				ENABLE_STRICT_OBJC_MSGSEND = YES;
				ENABLE_TESTABILITY = YES;
				GCC_C_LANGUAGE_STANDARD = gnu11;
				GCC_DYNAMIC_NO_PIC = NO;
				GCC_NO_COMMON_BLOCKS = YES;
				GCC_OPTIMIZATION_LEVEL = 0;
				GCC_PREPROCESSOR_DEFINITIONS = (
					"DEBUG=1",
					"$(inherited)",
				);
				GCC_WARN_64_TO_32_BIT_CONVERSION = YES;
				GCC_WARN_ABOUT_RETURN_TYPE = YES_ERROR;
				GCC_WARN_UNDECLARED_SELECTOR = YES;
				GCC_WARN_UNINITIALIZED_AUTOS = YES_AGGRESSIVE;
				GCC_WARN_UNUSED_FUNCTION = YES;
				GCC_WARN_UNUSED_VARIABLE = YES;
				IPHONEOS_DEPLOYMENT_TARGET = 15.4;
				MTL_ENABLE_DEBUG_INFO = INCLUDE_SOURCE;
				MTL_FAST_MATH = YES;
				ONLY_ACTIVE_ARCH = YES;
				SDKROOT = iphoneos;
				SWIFT_ACTIVE_COMPILATION_CONDITIONS = DEBUG;
				SWIFT_OPTIMIZATION_LEVEL = "-Onone";
			};
			name = Debug;
		};
		220CD1BA28B5FA4500F67BE6 /* Release */ = {
			isa = XCBuildConfiguration;
			buildSettings = {
				ALWAYS_SEARCH_USER_PATHS = NO;
				CLANG_ANALYZER_NONNULL = YES;
				CLANG_ANALYZER_NUMBER_OBJECT_CONVERSION = YES_AGGRESSIVE;
				CLANG_CXX_LANGUAGE_STANDARD = "gnu++17";
				CLANG_ENABLE_MODULES = YES;
				CLANG_ENABLE_OBJC_ARC = YES;
				CLANG_ENABLE_OBJC_WEAK = YES;
				CLANG_WARN_BLOCK_CAPTURE_AUTORELEASING = YES;
				CLANG_WARN_BOOL_CONVERSION = YES;
				CLANG_WARN_COMMA = YES;
				CLANG_WARN_CONSTANT_CONVERSION = YES;
				CLANG_WARN_DEPRECATED_OBJC_IMPLEMENTATIONS = YES;
				CLANG_WARN_DIRECT_OBJC_ISA_USAGE = YES_ERROR;
				CLANG_WARN_DOCUMENTATION_COMMENTS = YES;
				CLANG_WARN_EMPTY_BODY = YES;
				CLANG_WARN_ENUM_CONVERSION = YES;
				CLANG_WARN_INFINITE_RECURSION = YES;
				CLANG_WARN_INT_CONVERSION = YES;
				CLANG_WARN_NON_LITERAL_NULL_CONVERSION = YES;
				CLANG_WARN_OBJC_IMPLICIT_RETAIN_SELF = YES;
				CLANG_WARN_OBJC_LITERAL_CONVERSION = YES;
				CLANG_WARN_OBJC_ROOT_CLASS = YES_ERROR;
				CLANG_WARN_QUOTED_INCLUDE_IN_FRAMEWORK_HEADER = YES;
				CLANG_WARN_RANGE_LOOP_ANALYSIS = YES;
				CLANG_WARN_STRICT_PROTOTYPES = YES;
				CLANG_WARN_SUSPICIOUS_MOVE = YES;
				CLANG_WARN_UNGUARDED_AVAILABILITY = YES_AGGRESSIVE;
				CLANG_WARN_UNREACHABLE_CODE = YES;
				CLANG_WARN__DUPLICATE_METHOD_MATCH = YES;
				COPY_PHASE_STRIP = NO;
				DEBUG_INFORMATION_FORMAT = "dwarf-with-dsym";
				ENABLE_NS_ASSERTIONS = NO;
				ENABLE_STRICT_OBJC_MSGSEND = YES;
				GCC_C_LANGUAGE_STANDARD = gnu11;
				GCC_NO_COMMON_BLOCKS = YES;
				GCC_WARN_64_TO_32_BIT_CONVERSION = YES;
				GCC_WARN_ABOUT_RETURN_TYPE = YES_ERROR;
				GCC_WARN_UNDECLARED_SELECTOR = YES;
				GCC_WARN_UNINITIALIZED_AUTOS = YES_AGGRESSIVE;
				GCC_WARN_UNUSED_FUNCTION = YES;
				GCC_WARN_UNUSED_VARIABLE = YES;
				IPHONEOS_DEPLOYMENT_TARGET = 15.4;
				MTL_ENABLE_DEBUG_INFO = NO;
				MTL_FAST_MATH = YES;
				SDKROOT = iphoneos;
				SWIFT_COMPILATION_MODE = wholemodule;
				SWIFT_OPTIMIZATION_LEVEL = "-O";
				VALIDATE_PRODUCT = YES;
			};
			name = Release;
		};
		220CD1BC28B5FA4500F67BE6 /* Debug */ = {
			isa = XCBuildConfiguration;
			buildSettings = {
				ASSETCATALOG_COMPILER_APPICON_NAME = AppIcon;
				ASSETCATALOG_COMPILER_GLOBAL_ACCENT_COLOR_NAME = AccentColor;
				CODE_SIGN_STYLE = Automatic;
				CURRENT_PROJECT_VERSION = 1;
				DEVELOPMENT_TEAM = R5952G3B6X;
				GENERATE_INFOPLIST_FILE = YES;
				INFOPLIST_FILE = "Learning-FaboSwiftDocs4/Info.plist";
				INFOPLIST_KEY_UIApplicationSupportsIndirectInputEvents = YES;
				INFOPLIST_KEY_UILaunchStoryboardName = LaunchScreen;
				INFOPLIST_KEY_UIMainStoryboardFile = Main;
				INFOPLIST_KEY_UISupportedInterfaceOrientations_iPad = "UIInterfaceOrientationPortrait UIInterfaceOrientationPortraitUpsideDown UIInterfaceOrientationLandscapeLeft UIInterfaceOrientationLandscapeRight";
				INFOPLIST_KEY_UISupportedInterfaceOrientations_iPhone = "UIInterfaceOrientationPortrait UIInterfaceOrientationLandscapeLeft UIInterfaceOrientationLandscapeRight";
				LD_RUNPATH_SEARCH_PATHS = (
					"$(inherited)",
					"@executable_path/Frameworks",
				);
				MARKETING_VERSION = 1.0;
				PRODUCT_BUNDLE_IDENTIFIER = "com.natincs.komuro.s.Learning-FaboSwiftDocs4";
				PRODUCT_NAME = "$(TARGET_NAME)";
				SWIFT_EMIT_LOC_STRINGS = YES;
				SWIFT_VERSION = 5.0;
				TARGETED_DEVICE_FAMILY = "1,2";
			};
			name = Debug;
		};
		220CD1BD28B5FA4500F67BE6 /* Release */ = {
			isa = XCBuildConfiguration;
			buildSettings = {
				ASSETCATALOG_COMPILER_APPICON_NAME = AppIcon;
				ASSETCATALOG_COMPILER_GLOBAL_ACCENT_COLOR_NAME = AccentColor;
				CODE_SIGN_STYLE = Automatic;
				CURRENT_PROJECT_VERSION = 1;
				DEVELOPMENT_TEAM = R5952G3B6X;
				GENERATE_INFOPLIST_FILE = YES;
				INFOPLIST_FILE = "Learning-FaboSwiftDocs4/Info.plist";
				INFOPLIST_KEY_UIApplicationSupportsIndirectInputEvents = YES;
				INFOPLIST_KEY_UILaunchStoryboardName = LaunchScreen;
				INFOPLIST_KEY_UIMainStoryboardFile = Main;
				INFOPLIST_KEY_UISupportedInterfaceOrientations_iPad = "UIInterfaceOrientationPortrait UIInterfaceOrientationPortraitUpsideDown UIInterfaceOrientationLandscapeLeft UIInterfaceOrientationLandscapeRight";
				INFOPLIST_KEY_UISupportedInterfaceOrientations_iPhone = "UIInterfaceOrientationPortrait UIInterfaceOrientationLandscapeLeft UIInterfaceOrientationLandscapeRight";
				LD_RUNPATH_SEARCH_PATHS = (
					"$(inherited)",
					"@executable_path/Frameworks",
				);
				MARKETING_VERSION = 1.0;
				PRODUCT_BUNDLE_IDENTIFIER = "com.natincs.komuro.s.Learning-FaboSwiftDocs4";
				PRODUCT_NAME = "$(TARGET_NAME)";
				SWIFT_EMIT_LOC_STRINGS = YES;
				SWIFT_VERSION = 5.0;
				TARGETED_DEVICE_FAMILY = "1,2";
			};
			name = Release;
		};
/* End XCBuildConfiguration section */

/* Begin XCConfigurationList section */
		220CD1A228B5FA4400F67BE6 /* Build configuration list for PBXProject "Learning-FaboSwiftDocs4" */ = {
			isa = XCConfigurationList;
			buildConfigurations = (
				220CD1B928B5FA4500F67BE6 /* Debug */,
				220CD1BA28B5FA4500F67BE6 /* Release */,
			);
			defaultConfigurationIsVisible = 0;
			defaultConfigurationName = Release;
		};
		220CD1BB28B5FA4500F67BE6 /* Build configuration list for PBXNativeTarget "Learning-FaboSwiftDocs4" */ = {
			isa = XCConfigurationList;
			buildConfigurations = (
				220CD1BC28B5FA4500F67BE6 /* Debug */,
				220CD1BD28B5FA4500F67BE6 /* Release */,
			);
			defaultConfigurationIsVisible = 0;
			defaultConfigurationName = Release;
		};
/* End XCConfigurationList section */
	};
	rootObject = 220CD19F28B5FA4400F67BE6 /* Project object */;
}
