// !$*UTF8*$!
{
	archiveVersion = 1;
	classes = {
	};
	objectVersion = 55;
	objects = {

/* Begin PBXBuildFile section */
		22AEBFA228D19C8700EF9EA1 /* AppDelegate.swift in Sources */ = {isa = PBXBuildFile; fileRef = 22AEBFA128D19C8700EF9EA1 /* AppDelegate.swift */; };
		22AEBFA428D19C8700EF9EA1 /* SceneDelegate.swift in Sources */ = {isa = PBXBuildFile; fileRef = 22AEBFA328D19C8700EF9EA1 /* SceneDelegate.swift */; };
		22AEBFA628D19C8700EF9EA1 /* ViewController.swift in Sources */ = {isa = PBXBuildFile; fileRef = 22AEBFA528D19C8700EF9EA1 /* ViewController.swift */; };
		22AEBFA928D19C8700EF9EA1 /* Main.storyboard in Resources */ = {isa = PBXBuildFile; fileRef = 22AEBFA728D19C8700EF9EA1 /* Main.storyboard */; };
		22AEBFAB28D19C8900EF9EA1 /* Assets.xcassets in Resources */ = {isa = PBXBuildFile; fileRef = 22AEBFAA28D19C8900EF9EA1 /* Assets.xcassets */; };
		22AEBFAE28D19C8900EF9EA1 /* LaunchScreen.storyboard in Resources */ = {isa = PBXBuildFile; fileRef = 22AEBFAC28D19C8900EF9EA1 /* LaunchScreen.storyboard */; };
		22AEBFB628D1A66000EF9EA1 /* PageTableViewCell.swift in Sources */ = {isa = PBXBuildFile; fileRef = 22AEBFB528D1A66000EF9EA1 /* PageTableViewCell.swift */; };
		22AEBFBB28D2A76200EF9EA1 /* SnapKit in Frameworks */ = {isa = PBXBuildFile; productRef = 22AEBFBA28D2A76200EF9EA1 /* SnapKit */; };
		22AEBFBD28D2BE4D00EF9EA1 /* Login1_ViewController.swift in Sources */ = {isa = PBXBuildFile; fileRef = 22AEBFBC28D2BE4D00EF9EA1 /* Login1_ViewController.swift */; };
		22AEBFBF28D2C81400EF9EA1 /* Launch1_ViewController.swift in Sources */ = {isa = PBXBuildFile; fileRef = 22AEBFBE28D2C81400EF9EA1 /* Launch1_ViewController.swift */; };
		22AEBFC128D2C82100EF9EA1 /* Launch2_ViewController.swift in Sources */ = {isa = PBXBuildFile; fileRef = 22AEBFC028D2C82100EF9EA1 /* Launch2_ViewController.swift */; };
/* End PBXBuildFile section */

/* Begin PBXFileReference section */
		22AEBF9E28D19C8700EF9EA1 /* UI_v1_1.app */ = {isa = PBXFileReference; explicitFileType = wrapper.application; includeInIndex = 0; path = UI_v1_1.app; sourceTree = BUILT_PRODUCTS_DIR; };
		22AEBFA128D19C8700EF9EA1 /* AppDelegate.swift */ = {isa = PBXFileReference; lastKnownFileType = sourcecode.swift; path = AppDelegate.swift; sourceTree = "<group>"; };
		22AEBFA328D19C8700EF9EA1 /* SceneDelegate.swift */ = {isa = PBXFileReference; lastKnownFileType = sourcecode.swift; path = SceneDelegate.swift; sourceTree = "<group>"; };
		22AEBFA528D19C8700EF9EA1 /* ViewController.swift */ = {isa = PBXFileReference; lastKnownFileType = sourcecode.swift; path = ViewController.swift; sourceTree = "<group>"; };
		22AEBFA828D19C8700EF9EA1 /* Base */ = {isa = PBXFileReference; lastKnownFileType = file.storyboard; name = Base; path = Base.lproj/Main.storyboard; sourceTree = "<group>"; };
		22AEBFAA28D19C8900EF9EA1 /* Assets.xcassets */ = {isa = PBXFileReference; lastKnownFileType = folder.assetcatalog; path = Assets.xcassets; sourceTree = "<group>"; };
		22AEBFAD28D19C8900EF9EA1 /* Base */ = {isa = PBXFileReference; lastKnownFileType = file.storyboard; name = Base; path = Base.lproj/LaunchScreen.storyboard; sourceTree = "<group>"; };
		22AEBFAF28D19C8900EF9EA1 /* Info.plist */ = {isa = PBXFileReference; lastKnownFileType = text.plist.xml; path = Info.plist; sourceTree = "<group>"; };
		22AEBFB528D1A66000EF9EA1 /* PageTableViewCell.swift */ = {isa = PBXFileReference; lastKnownFileType = sourcecode.swift; path = PageTableViewCell.swift; sourceTree = "<group>"; };
		22AEBFBC28D2BE4D00EF9EA1 /* Login1_ViewController.swift */ = {isa = PBXFileReference; lastKnownFileType = sourcecode.swift; path = Login1_ViewController.swift; sourceTree = "<group>"; };
		22AEBFBE28D2C81400EF9EA1 /* Launch1_ViewController.swift */ = {isa = PBXFileReference; lastKnownFileType = sourcecode.swift; path = Launch1_ViewController.swift; sourceTree = "<group>"; };
		22AEBFC028D2C82100EF9EA1 /* Launch2_ViewController.swift */ = {isa = PBXFileReference; lastKnownFileType = sourcecode.swift; path = Launch2_ViewController.swift; sourceTree = "<group>"; };
/* End PBXFileReference section */

/* Begin PBXFrameworksBuildPhase section */
		22AEBF9B28D19C8700EF9EA1 /* Frameworks */ = {
			isa = PBXFrameworksBuildPhase;
			buildActionMask = 2147483647;
			files = (
				22AEBFBB28D2A76200EF9EA1 /* SnapKit in Frameworks */,
			);
			runOnlyForDeploymentPostprocessing = 0;
		};
/* End PBXFrameworksBuildPhase section */

/* Begin PBXGroup section */
		22AEBF9528D19C8700EF9EA1 = {
			isa = PBXGroup;
			children = (
				22AEBFBC28D2BE4D00EF9EA1 /* Login1_ViewController.swift */,
				22AEBFA028D19C8700EF9EA1 /* UI_v1_1 */,
				22AEBF9F28D19C8700EF9EA1 /* Products */,
			);
			sourceTree = "<group>";
		};
		22AEBF9F28D19C8700EF9EA1 /* Products */ = {
			isa = PBXGroup;
			children = (
				22AEBF9E28D19C8700EF9EA1 /* UI_v1_1.app */,
			);
			name = Products;
			sourceTree = "<group>";
		};
		22AEBFA028D19C8700EF9EA1 /* UI_v1_1 */ = {
			isa = PBXGroup;
			children = (
				22AEBFA128D19C8700EF9EA1 /* AppDelegate.swift */,
				22AEBFA328D19C8700EF9EA1 /* SceneDelegate.swift */,
				22AEBFA528D19C8700EF9EA1 /* ViewController.swift */,
				22AEBFBE28D2C81400EF9EA1 /* Launch1_ViewController.swift */,
				22AEBFC028D2C82100EF9EA1 /* Launch2_ViewController.swift */,
				22AEBFB528D1A66000EF9EA1 /* PageTableViewCell.swift */,
				22AEBFA728D19C8700EF9EA1 /* Main.storyboard */,
				22AEBFAA28D19C8900EF9EA1 /* Assets.xcassets */,
				22AEBFAC28D19C8900EF9EA1 /* LaunchScreen.storyboard */,
				22AEBFAF28D19C8900EF9EA1 /* Info.plist */,
			);
			path = UI_v1_1;
			sourceTree = "<group>";
		};
/* End PBXGroup section */

/* Begin PBXNativeTarget section */
		22AEBF9D28D19C8700EF9EA1 /* UI_v1_1 */ = {
			isa = PBXNativeTarget;
			buildConfigurationList = 22AEBFB228D19C8900EF9EA1 /* Build configuration list for PBXNativeTarget "UI_v1_1" */;
			buildPhases = (
				22AEBF9A28D19C8700EF9EA1 /* Sources */,
				22AEBF9B28D19C8700EF9EA1 /* Frameworks */,
				22AEBF9C28D19C8700EF9EA1 /* Resources */,
			);
			buildRules = (
			);
			dependencies = (
			);
			name = UI_v1_1;
			packageProductDependencies = (
				22AEBFBA28D2A76200EF9EA1 /* SnapKit */,
			);
			productName = UI_v1_1;
			productReference = 22AEBF9E28D19C8700EF9EA1 /* UI_v1_1.app */;
			productType = "com.apple.product-type.application";
		};
/* End PBXNativeTarget section */

/* Begin PBXProject section */
		22AEBF9628D19C8700EF9EA1 /* Project object */ = {
			isa = PBXProject;
			attributes = {
				BuildIndependentTargetsInParallel = 1;
				LastSwiftUpdateCheck = 1340;
				LastUpgradeCheck = 1340;
				TargetAttributes = {
					22AEBF9D28D19C8700EF9EA1 = {
						CreatedOnToolsVersion = 13.4.1;
					};
				};
			};
			buildConfigurationList = 22AEBF9928D19C8700EF9EA1 /* Build configuration list for PBXProject "UI_v1_1" */;
			compatibilityVersion = "Xcode 13.0";
			developmentRegion = en;
			hasScannedForEncodings = 0;
			knownRegions = (
				en,
				Base,
			);
			mainGroup = 22AEBF9528D19C8700EF9EA1;
			packageReferences = (
				22AEBFB928D2A76200EF9EA1 /* XCRemoteSwiftPackageReference "SnapKit" */,
			);
			productRefGroup = 22AEBF9F28D19C8700EF9EA1 /* Products */;
			projectDirPath = "";
			projectRoot = "";
			targets = (
				22AEBF9D28D19C8700EF9EA1 /* UI_v1_1 */,
			);
		};
/* End PBXProject section */

/* Begin PBXResourcesBuildPhase section */
		22AEBF9C28D19C8700EF9EA1 /* Resources */ = {
			isa = PBXResourcesBuildPhase;
			buildActionMask = 2147483647;
			files = (
				22AEBFAE28D19C8900EF9EA1 /* LaunchScreen.storyboard in Resources */,
				22AEBFAB28D19C8900EF9EA1 /* Assets.xcassets in Resources */,
				22AEBFA928D19C8700EF9EA1 /* Main.storyboard in Resources */,
			);
			runOnlyForDeploymentPostprocessing = 0;
		};
/* End PBXResourcesBuildPhase section */

/* Begin PBXSourcesBuildPhase section */
		22AEBF9A28D19C8700EF9EA1 /* Sources */ = {
			isa = PBXSourcesBuildPhase;
			buildActionMask = 2147483647;
			files = (
				22AEBFA628D19C8700EF9EA1 /* ViewController.swift in Sources */,
				22AEBFBF28D2C81400EF9EA1 /* Launch1_ViewController.swift in Sources */,
				22AEBFA228D19C8700EF9EA1 /* AppDelegate.swift in Sources */,
				22AEBFB628D1A66000EF9EA1 /* PageTableViewCell.swift in Sources */,
				22AEBFC128D2C82100EF9EA1 /* Launch2_ViewController.swift in Sources */,
				22AEBFBD28D2BE4D00EF9EA1 /* Login1_ViewController.swift in Sources */,
				22AEBFA428D19C8700EF9EA1 /* SceneDelegate.swift in Sources */,
			);
			runOnlyForDeploymentPostprocessing = 0;
		};
/* End PBXSourcesBuildPhase section */

/* Begin PBXVariantGroup section */
		22AEBFA728D19C8700EF9EA1 /* Main.storyboard */ = {
			isa = PBXVariantGroup;
			children = (
				22AEBFA828D19C8700EF9EA1 /* Base */,
			);
			name = Main.storyboard;
			sourceTree = "<group>";
		};
		22AEBFAC28D19C8900EF9EA1 /* LaunchScreen.storyboard */ = {
			isa = PBXVariantGroup;
			children = (
				22AEBFAD28D19C8900EF9EA1 /* Base */,
			);
			name = LaunchScreen.storyboard;
			sourceTree = "<group>";
		};
/* End PBXVariantGroup section */

/* Begin XCBuildConfiguration section */
		22AEBFB028D19C8900EF9EA1 /* Debug */ = {
			isa = XCBuildConfiguration;
			buildSettings = {
				ALWAYS_SEARCH_USER_PATHS = NO;
				CLANG_ANALYZER_NONNULL = YES;
				CLANG_ANALYZER_NUMBER_OBJECT_CONVERSION = YES_AGGRESSIVE;
				CLANG_CXX_LANGUAGE_STANDARD = "gnu++17";
				CLANG_ENABLE_MODULES = YES;
				CLANG_ENABLE_OBJC_ARC = YES;
				CLANG_ENABLE_OBJC_WEAK = YES;
				CLANG_WARN_BLOCK_CAPTURE_AUTORELEASING = YES;
				CLANG_WARN_BOOL_CONVERSION = YES;
				CLANG_WARN_COMMA = YES;
				CLANG_WARN_CONSTANT_CONVERSION = YES;
				CLANG_WARN_DEPRECATED_OBJC_IMPLEMENTATIONS = YES;
				CLANG_WARN_DIRECT_OBJC_ISA_USAGE = YES_ERROR;
				CLANG_WARN_DOCUMENTATION_COMMENTS = YES;
				CLANG_WARN_EMPTY_BODY = YES;
				CLANG_WARN_ENUM_CONVERSION = YES;
				CLANG_WARN_INFINITE_RECURSION = YES;
				CLANG_WARN_INT_CONVERSION = YES;
				CLANG_WARN_NON_LITERAL_NULL_CONVERSION = YES;
				CLANG_WARN_OBJC_IMPLICIT_RETAIN_SELF = YES;
				CLANG_WARN_OBJC_LITERAL_CONVERSION = YES;
				CLANG_WARN_OBJC_ROOT_CLASS = YES_ERROR;
				CLANG_WARN_QUOTED_INCLUDE_IN_FRAMEWORK_HEADER = YES;
				CLANG_WARN_RANGE_LOOP_ANALYSIS = YES;
				CLANG_WARN_STRICT_PROTOTYPES = YES;
				CLANG_WARN_SUSPICIOUS_MOVE = YES;
				CLANG_WARN_UNGUARDED_AVAILABILITY = YES_AGGRESSIVE;
				CLANG_WARN_UNREACHABLE_CODE = YES;
				CLANG_WARN__DUPLICATE_METHOD_MATCH = YES;
				COPY_PHASE_STRIP = NO;
				DEBUG_INFORMATION_FORMAT = dwarf;
				ENABLE_STRICT_OBJC_MSGSEND = YES;
				ENABLE_TESTABILITY = YES;
				GCC_C_LANGUAGE_STANDARD = gnu11;
				GCC_DYNAMIC_NO_PIC = NO;
				GCC_NO_COMMON_BLOCKS = YES;
				GCC_OPTIMIZATION_LEVEL = 0;
				GCC_PREPROCESSOR_DEFINITIONS = (
					"DEBUG=1",
					"$(inherited)",
				);
				GCC_WARN_64_TO_32_BIT_CONVERSION = YES;
				GCC_WARN_ABOUT_RETURN_TYPE = YES_ERROR;
				GCC_WARN_UNDECLARED_SELECTOR = YES;
				GCC_WARN_UNINITIALIZED_AUTOS = YES_AGGRESSIVE;
				GCC_WARN_UNUSED_FUNCTION = YES;
				GCC_WARN_UNUSED_VARIABLE = YES;
				IPHONEOS_DEPLOYMENT_TARGET = 15.5;
				MTL_ENABLE_DEBUG_INFO = INCLUDE_SOURCE;
				MTL_FAST_MATH = YES;
				ONLY_ACTIVE_ARCH = YES;
				SDKROOT = iphoneos;
				SWIFT_ACTIVE_COMPILATION_CONDITIONS = DEBUG;
				SWIFT_OPTIMIZATION_LEVEL = "-Onone";
			};
			name = Debug;
		};
		22AEBFB128D19C8900EF9EA1 /* Release */ = {
			isa = XCBuildConfiguration;
			buildSettings = {
				ALWAYS_SEARCH_USER_PATHS = NO;
				CLANG_ANALYZER_NONNULL = YES;
				CLANG_ANALYZER_NUMBER_OBJECT_CONVERSION = YES_AGGRESSIVE;
				CLANG_CXX_LANGUAGE_STANDARD = "gnu++17";
				CLANG_ENABLE_MODULES = YES;
				CLANG_ENABLE_OBJC_ARC = YES;
				CLANG_ENABLE_OBJC_WEAK = YES;
				CLANG_WARN_BLOCK_CAPTURE_AUTORELEASING = YES;
				CLANG_WARN_BOOL_CONVERSION = YES;
				CLANG_WARN_COMMA = YES;
				CLANG_WARN_CONSTANT_CONVERSION = YES;
				CLANG_WARN_DEPRECATED_OBJC_IMPLEMENTATIONS = YES;
				CLANG_WARN_DIRECT_OBJC_ISA_USAGE = YES_ERROR;
				CLANG_WARN_DOCUMENTATION_COMMENTS = YES;
				CLANG_WARN_EMPTY_BODY = YES;
				CLANG_WARN_ENUM_CONVERSION = YES;
				CLANG_WARN_INFINITE_RECURSION = YES;
				CLANG_WARN_INT_CONVERSION = YES;
				CLANG_WARN_NON_LITERAL_NULL_CONVERSION = YES;
				CLANG_WARN_OBJC_IMPLICIT_RETAIN_SELF = YES;
				CLANG_WARN_OBJC_LITERAL_CONVERSION = YES;
				CLANG_WARN_OBJC_ROOT_CLASS = YES_ERROR;
				CLANG_WARN_QUOTED_INCLUDE_IN_FRAMEWORK_HEADER = YES;
				CLANG_WARN_RANGE_LOOP_ANALYSIS = YES;
				CLANG_WARN_STRICT_PROTOTYPES = YES;
				CLANG_WARN_SUSPICIOUS_MOVE = YES;
				CLANG_WARN_UNGUARDED_AVAILABILITY = YES_AGGRESSIVE;
				CLANG_WARN_UNREACHABLE_CODE = YES;
				CLANG_WARN__DUPLICATE_METHOD_MATCH = YES;
				COPY_PHASE_STRIP = NO;
				DEBUG_INFORMATION_FORMAT = "dwarf-with-dsym";
				ENABLE_NS_ASSERTIONS = NO;
				ENABLE_STRICT_OBJC_MSGSEND = YES;
				GCC_C_LANGUAGE_STANDARD = gnu11;
				GCC_NO_COMMON_BLOCKS = YES;
				GCC_WARN_64_TO_32_BIT_CONVERSION = YES;
				GCC_WARN_ABOUT_RETURN_TYPE = YES_ERROR;
				GCC_WARN_UNDECLARED_SELECTOR = YES;
				GCC_WARN_UNINITIALIZED_AUTOS = YES_AGGRESSIVE;
				GCC_WARN_UNUSED_FUNCTION = YES;
				GCC_WARN_UNUSED_VARIABLE = YES;
				IPHONEOS_DEPLOYMENT_TARGET = 15.5;
				MTL_ENABLE_DEBUG_INFO = NO;
				MTL_FAST_MATH = YES;
				SDKROOT = iphoneos;
				SWIFT_COMPILATION_MODE = wholemodule;
				SWIFT_OPTIMIZATION_LEVEL = "-O";
				VALIDATE_PRODUCT = YES;
			};
			name = Release;
		};
		22AEBFB328D19C8900EF9EA1 /* Debug */ = {
			isa = XCBuildConfiguration;
			buildSettings = {
				ASSETCATALOG_COMPILER_APPICON_NAME = AppIcon;
				ASSETCATALOG_COMPILER_GLOBAL_ACCENT_COLOR_NAME = AccentColor;
				CODE_SIGN_STYLE = Automatic;
				CURRENT_PROJECT_VERSION = 1;
				DEVELOPMENT_TEAM = R5952G3B6X;
				GENERATE_INFOPLIST_FILE = YES;
				INFOPLIST_FILE = UI_v1_1/Info.plist;
				INFOPLIST_KEY_UIApplicationSupportsIndirectInputEvents = YES;
				INFOPLIST_KEY_UILaunchStoryboardName = LaunchScreen;
				INFOPLIST_KEY_UIMainStoryboardFile = Main;
				INFOPLIST_KEY_UISupportedInterfaceOrientations_iPad = "UIInterfaceOrientationPortrait UIInterfaceOrientationPortraitUpsideDown UIInterfaceOrientationLandscapeLeft UIInterfaceOrientationLandscapeRight";
				INFOPLIST_KEY_UISupportedInterfaceOrientations_iPhone = "UIInterfaceOrientationPortrait UIInterfaceOrientationLandscapeLeft UIInterfaceOrientationLandscapeRight";
				LD_RUNPATH_SEARCH_PATHS = (
					"$(inherited)",
					"@executable_path/Frameworks",
				);
				MARKETING_VERSION = 1.0;
				PRODUCT_BUNDLE_IDENTIFIER = "com.natincs.komuro.s.UI-v1-1";
				PRODUCT_NAME = "$(TARGET_NAME)";
				SWIFT_EMIT_LOC_STRINGS = YES;
				SWIFT_VERSION = 5.0;
				TARGETED_DEVICE_FAMILY = "1,2";
			};
			name = Debug;
		};
		22AEBFB428D19C8900EF9EA1 /* Release */ = {
			isa = XCBuildConfiguration;
			buildSettings = {
				ASSETCATALOG_COMPILER_APPICON_NAME = AppIcon;
				ASSETCATALOG_COMPILER_GLOBAL_ACCENT_COLOR_NAME = AccentColor;
				CODE_SIGN_STYLE = Automatic;
				CURRENT_PROJECT_VERSION = 1;
				DEVELOPMENT_TEAM = R5952G3B6X;
				GENERATE_INFOPLIST_FILE = YES;
				INFOPLIST_FILE = UI_v1_1/Info.plist;
				INFOPLIST_KEY_UIApplicationSupportsIndirectInputEvents = YES;
				INFOPLIST_KEY_UILaunchStoryboardName = LaunchScreen;
				INFOPLIST_KEY_UIMainStoryboardFile = Main;
				INFOPLIST_KEY_UISupportedInterfaceOrientations_iPad = "UIInterfaceOrientationPortrait UIInterfaceOrientationPortraitUpsideDown UIInterfaceOrientationLandscapeLeft UIInterfaceOrientationLandscapeRight";
				INFOPLIST_KEY_UISupportedInterfaceOrientations_iPhone = "UIInterfaceOrientationPortrait UIInterfaceOrientationLandscapeLeft UIInterfaceOrientationLandscapeRight";
				LD_RUNPATH_SEARCH_PATHS = (
					"$(inherited)",
					"@executable_path/Frameworks",
				);
				MARKETING_VERSION = 1.0;
				PRODUCT_BUNDLE_IDENTIFIER = "com.natincs.komuro.s.UI-v1-1";
				PRODUCT_NAME = "$(TARGET_NAME)";
				SWIFT_EMIT_LOC_STRINGS = YES;
				SWIFT_VERSION = 5.0;
				TARGETED_DEVICE_FAMILY = "1,2";
			};
			name = Release;
		};
/* End XCBuildConfiguration section */

/* Begin XCConfigurationList section */
		22AEBF9928D19C8700EF9EA1 /* Build configuration list for PBXProject "UI_v1_1" */ = {
			isa = XCConfigurationList;
			buildConfigurations = (
				22AEBFB028D19C8900EF9EA1 /* Debug */,
				22AEBFB128D19C8900EF9EA1 /* Release */,
			);
			defaultConfigurationIsVisible = 0;
			defaultConfigurationName = Release;
		};
		22AEBFB228D19C8900EF9EA1 /* Build configuration list for PBXNativeTarget "UI_v1_1" */ = {
			isa = XCConfigurationList;
			buildConfigurations = (
				22AEBFB328D19C8900EF9EA1 /* Debug */,
				22AEBFB428D19C8900EF9EA1 /* Release */,
			);
			defaultConfigurationIsVisible = 0;
			defaultConfigurationName = Release;
		};
/* End XCConfigurationList section */

/* Begin XCRemoteSwiftPackageReference section */
		22AEBFB928D2A76200EF9EA1 /* XCRemoteSwiftPackageReference "SnapKit" */ = {
			isa = XCRemoteSwiftPackageReference;
			repositoryURL = "https://github.com/SnapKit/SnapKit.git";
			requirement = {
				kind = upToNextMajorVersion;
				minimumVersion = 5.0.0;
			};
		};
/* End XCRemoteSwiftPackageReference section */

/* Begin XCSwiftPackageProductDependency section */
		22AEBFBA28D2A76200EF9EA1 /* SnapKit */ = {
			isa = XCSwiftPackageProductDependency;
			package = 22AEBFB928D2A76200EF9EA1 /* XCRemoteSwiftPackageReference "SnapKit" */;
			productName = SnapKit;
		};
/* End XCSwiftPackageProductDependency section */
	};
	rootObject = 22AEBF9628D19C8700EF9EA1 /* Project object */;
}
