// !$*UTF8*$!
{
	archiveVersion = 1;
	classes = {
	};
	objectVersion = 55;
	objects = {

/* Begin PBXBuildFile section */
		2257AE71289A5058007B3C81 /* SnapKit in Frameworks */ = {isa = PBXBuildFile; productRef = 2257AE70289A5058007B3C81 /* SnapKit */; };
		22BE71C62898AC0700B64CF9 /* AppDelegate.swift in Sources */ = {isa = PBXBuildFile; fileRef = 22BE71C52898AC0700B64CF9 /* AppDelegate.swift */; };
		22BE71C82898AC0700B64CF9 /* SceneDelegate.swift in Sources */ = {isa = PBXBuildFile; fileRef = 22BE71C72898AC0700B64CF9 /* SceneDelegate.swift */; };
		22BE71CA2898AC0700B64CF9 /* ViewController.swift in Sources */ = {isa = PBXBuildFile; fileRef = 22BE71C92898AC0700B64CF9 /* ViewController.swift */; };
		22BE71CF2898AC0900B64CF9 /* Assets.xcassets in Resources */ = {isa = PBXBuildFile; fileRef = 22BE71CE2898AC0900B64CF9 /* Assets.xcassets */; };
		22BE71D22898AC0900B64CF9 /* LaunchScreen.storyboard in Resources */ = {isa = PBXBuildFile; fileRef = 22BE71D02898AC0900B64CF9 /* LaunchScreen.storyboard */; };
		22BE71DA2898C5FF00B64CF9 /* CustomTableViewCell.swift in Sources */ = {isa = PBXBuildFile; fileRef = 22BE71D92898C5FF00B64CF9 /* CustomTableViewCell.swift */; };
		22BE71DC289A0CFE00B64CF9 /* subViewController.swift in Sources */ = {isa = PBXBuildFile; fileRef = 22BE71DB289A0CFE00B64CF9 /* subViewController.swift */; };
		22BE71DE289A360E00B64CF9 /* Main.storyboard in Resources */ = {isa = PBXBuildFile; fileRef = 22BE71DD289A360E00B64CF9 /* Main.storyboard */; };
/* End PBXBuildFile section */

/* Begin PBXFileReference section */
		22BE71C22898AC0700B64CF9 /* shareOfModel.app */ = {isa = PBXFileReference; explicitFileType = wrapper.application; includeInIndex = 0; path = shareOfModel.app; sourceTree = BUILT_PRODUCTS_DIR; };
		22BE71C52898AC0700B64CF9 /* AppDelegate.swift */ = {isa = PBXFileReference; lastKnownFileType = sourcecode.swift; path = AppDelegate.swift; sourceTree = "<group>"; };
		22BE71C72898AC0700B64CF9 /* SceneDelegate.swift */ = {isa = PBXFileReference; lastKnownFileType = sourcecode.swift; path = SceneDelegate.swift; sourceTree = "<group>"; };
		22BE71C92898AC0700B64CF9 /* ViewController.swift */ = {isa = PBXFileReference; lastKnownFileType = sourcecode.swift; path = ViewController.swift; sourceTree = "<group>"; };
		22BE71CE2898AC0900B64CF9 /* Assets.xcassets */ = {isa = PBXFileReference; lastKnownFileType = folder.assetcatalog; path = Assets.xcassets; sourceTree = "<group>"; };
		22BE71D12898AC0900B64CF9 /* Base */ = {isa = PBXFileReference; lastKnownFileType = file.storyboard; name = Base; path = Base.lproj/LaunchScreen.storyboard; sourceTree = "<group>"; };
		22BE71D32898AC0900B64CF9 /* Info.plist */ = {isa = PBXFileReference; lastKnownFileType = text.plist.xml; path = Info.plist; sourceTree = "<group>"; };
		22BE71D92898C5FF00B64CF9 /* CustomTableViewCell.swift */ = {isa = PBXFileReference; lastKnownFileType = sourcecode.swift; path = CustomTableViewCell.swift; sourceTree = "<group>"; };
		22BE71DB289A0CFE00B64CF9 /* subViewController.swift */ = {isa = PBXFileReference; lastKnownFileType = sourcecode.swift; path = subViewController.swift; sourceTree = "<group>"; };
		22BE71DD289A360E00B64CF9 /* Main.storyboard */ = {isa = PBXFileReference; fileEncoding = 4; lastKnownFileType = file.storyboard; path = Main.storyboard; sourceTree = "<group>"; };
/* End PBXFileReference section */

/* Begin PBXFrameworksBuildPhase section */
		22BE71BF2898AC0700B64CF9 /* Frameworks */ = {
			isa = PBXFrameworksBuildPhase;
			buildActionMask = 2147483647;
			files = (
				2257AE71289A5058007B3C81 /* SnapKit in Frameworks */,
			);
			runOnlyForDeploymentPostprocessing = 0;
		};
/* End PBXFrameworksBuildPhase section */

/* Begin PBXGroup section */
		22BE71B92898AC0700B64CF9 = {
			isa = PBXGroup;
			children = (
				22BE71C42898AC0700B64CF9 /* shareOfModel */,
				22BE71C32898AC0700B64CF9 /* Products */,
			);
			sourceTree = "<group>";
		};
		22BE71C32898AC0700B64CF9 /* Products */ = {
			isa = PBXGroup;
			children = (
				22BE71C22898AC0700B64CF9 /* shareOfModel.app */,
			);
			name = Products;
			sourceTree = "<group>";
		};
		22BE71C42898AC0700B64CF9 /* shareOfModel */ = {
			isa = PBXGroup;
			children = (
				22BE71C52898AC0700B64CF9 /* AppDelegate.swift */,
				22BE71C72898AC0700B64CF9 /* SceneDelegate.swift */,
				22BE71C92898AC0700B64CF9 /* ViewController.swift */,
				22BE71DB289A0CFE00B64CF9 /* subViewController.swift */,
				22BE71D92898C5FF00B64CF9 /* CustomTableViewCell.swift */,
				22BE71CE2898AC0900B64CF9 /* Assets.xcassets */,
				22BE71D02898AC0900B64CF9 /* LaunchScreen.storyboard */,
				22BE71D32898AC0900B64CF9 /* Info.plist */,
				22BE71DD289A360E00B64CF9 /* Main.storyboard */,
			);
			path = shareOfModel;
			sourceTree = "<group>";
		};
/* End PBXGroup section */

/* Begin PBXNativeTarget section */
		22BE71C12898AC0700B64CF9 /* shareOfModel */ = {
			isa = PBXNativeTarget;
			buildConfigurationList = 22BE71D62898AC0900B64CF9 /* Build configuration list for PBXNativeTarget "shareOfModel" */;
			buildPhases = (
				22BE71BE2898AC0700B64CF9 /* Sources */,
				22BE71BF2898AC0700B64CF9 /* Frameworks */,
				22BE71C02898AC0700B64CF9 /* Resources */,
			);
			buildRules = (
			);
			dependencies = (
			);
			name = shareOfModel;
			packageProductDependencies = (
				2257AE70289A5058007B3C81 /* SnapKit */,
			);
			productName = shareOfModel;
			productReference = 22BE71C22898AC0700B64CF9 /* shareOfModel.app */;
			productType = "com.apple.product-type.application";
		};
/* End PBXNativeTarget section */

/* Begin PBXProject section */
		22BE71BA2898AC0700B64CF9 /* Project object */ = {
			isa = PBXProject;
			attributes = {
				BuildIndependentTargetsInParallel = 1;
				LastSwiftUpdateCheck = 1330;
				LastUpgradeCheck = 1330;
				TargetAttributes = {
					22BE71C12898AC0700B64CF9 = {
						CreatedOnToolsVersion = 13.3.1;
					};
				};
			};
			buildConfigurationList = 22BE71BD2898AC0700B64CF9 /* Build configuration list for PBXProject "shareOfModel" */;
			compatibilityVersion = "Xcode 13.0";
			developmentRegion = en;
			hasScannedForEncodings = 0;
			knownRegions = (
				en,
				Base,
			);
			mainGroup = 22BE71B92898AC0700B64CF9;
			packageReferences = (
				2257AE6F289A5058007B3C81 /* XCRemoteSwiftPackageReference "SnapKit" */,
			);
			productRefGroup = 22BE71C32898AC0700B64CF9 /* Products */;
			projectDirPath = "";
			projectRoot = "";
			targets = (
				22BE71C12898AC0700B64CF9 /* shareOfModel */,
			);
		};
/* End PBXProject section */

/* Begin PBXResourcesBuildPhase section */
		22BE71C02898AC0700B64CF9 /* Resources */ = {
			isa = PBXResourcesBuildPhase;
			buildActionMask = 2147483647;
			files = (
				22BE71DE289A360E00B64CF9 /* Main.storyboard in Resources */,
				22BE71D22898AC0900B64CF9 /* LaunchScreen.storyboard in Resources */,
				22BE71CF2898AC0900B64CF9 /* Assets.xcassets in Resources */,
			);
			runOnlyForDeploymentPostprocessing = 0;
		};
/* End PBXResourcesBuildPhase section */

/* Begin PBXSourcesBuildPhase section */
		22BE71BE2898AC0700B64CF9 /* Sources */ = {
			isa = PBXSourcesBuildPhase;
			buildActionMask = 2147483647;
			files = (
				22BE71CA2898AC0700B64CF9 /* ViewController.swift in Sources */,
				22BE71C62898AC0700B64CF9 /* AppDelegate.swift in Sources */,
				22BE71DA2898C5FF00B64CF9 /* CustomTableViewCell.swift in Sources */,
				22BE71C82898AC0700B64CF9 /* SceneDelegate.swift in Sources */,
				22BE71DC289A0CFE00B64CF9 /* subViewController.swift in Sources */,
			);
			runOnlyForDeploymentPostprocessing = 0;
		};
/* End PBXSourcesBuildPhase section */

/* Begin PBXVariantGroup section */
		22BE71D02898AC0900B64CF9 /* LaunchScreen.storyboard */ = {
			isa = PBXVariantGroup;
			children = (
				22BE71D12898AC0900B64CF9 /* Base */,
			);
			name = LaunchScreen.storyboard;
			sourceTree = "<group>";
		};
/* End PBXVariantGroup section */

/* Begin XCBuildConfiguration section */
		22BE71D42898AC0900B64CF9 /* Debug */ = {
			isa = XCBuildConfiguration;
			buildSettings = {
				ALWAYS_SEARCH_USER_PATHS = NO;
				CLANG_ANALYZER_NONNULL = YES;
				CLANG_ANALYZER_NUMBER_OBJECT_CONVERSION = YES_AGGRESSIVE;
				CLANG_CXX_LANGUAGE_STANDARD = "gnu++17";
				CLANG_ENABLE_MODULES = YES;
				CLANG_ENABLE_OBJC_ARC = YES;
				CLANG_ENABLE_OBJC_WEAK = YES;
				CLANG_WARN_BLOCK_CAPTURE_AUTORELEASING = YES;
				CLANG_WARN_BOOL_CONVERSION = YES;
				CLANG_WARN_COMMA = YES;
				CLANG_WARN_CONSTANT_CONVERSION = YES;
				CLANG_WARN_DEPRECATED_OBJC_IMPLEMENTATIONS = YES;
				CLANG_WARN_DIRECT_OBJC_ISA_USAGE = YES_ERROR;
				CLANG_WARN_DOCUMENTATION_COMMENTS = YES;
				CLANG_WARN_EMPTY_BODY = YES;
				CLANG_WARN_ENUM_CONVERSION = YES;
				CLANG_WARN_INFINITE_RECURSION = YES;
				CLANG_WARN_INT_CONVERSION = YES;
				CLANG_WARN_NON_LITERAL_NULL_CONVERSION = YES;
				CLANG_WARN_OBJC_IMPLICIT_RETAIN_SELF = YES;
				CLANG_WARN_OBJC_LITERAL_CONVERSION = YES;
				CLANG_WARN_OBJC_ROOT_CLASS = YES_ERROR;
				CLANG_WARN_QUOTED_INCLUDE_IN_FRAMEWORK_HEADER = YES;
				CLANG_WARN_RANGE_LOOP_ANALYSIS = YES;
				CLANG_WARN_STRICT_PROTOTYPES = YES;
				CLANG_WARN_SUSPICIOUS_MOVE = YES;
				CLANG_WARN_UNGUARDED_AVAILABILITY = YES_AGGRESSIVE;
				CLANG_WARN_UNREACHABLE_CODE = YES;
				CLANG_WARN__DUPLICATE_METHOD_MATCH = YES;
				COPY_PHASE_STRIP = NO;
				DEBUG_INFORMATION_FORMAT = dwarf;
				ENABLE_STRICT_OBJC_MSGSEND = YES;
				ENABLE_TESTABILITY = YES;
				GCC_C_LANGUAGE_STANDARD = gnu11;
				GCC_DYNAMIC_NO_PIC = NO;
				GCC_NO_COMMON_BLOCKS = YES;
				GCC_OPTIMIZATION_LEVEL = 0;
				GCC_PREPROCESSOR_DEFINITIONS = (
					"DEBUG=1",
					"$(inherited)",
				);
				GCC_WARN_64_TO_32_BIT_CONVERSION = YES;
				GCC_WARN_ABOUT_RETURN_TYPE = YES_ERROR;
				GCC_WARN_UNDECLARED_SELECTOR = YES;
				GCC_WARN_UNINITIALIZED_AUTOS = YES_AGGRESSIVE;
				GCC_WARN_UNUSED_FUNCTION = YES;
				GCC_WARN_UNUSED_VARIABLE = YES;
				IPHONEOS_DEPLOYMENT_TARGET = 15.4;
				MTL_ENABLE_DEBUG_INFO = INCLUDE_SOURCE;
				MTL_FAST_MATH = YES;
				ONLY_ACTIVE_ARCH = YES;
				SDKROOT = iphoneos;
				SWIFT_ACTIVE_COMPILATION_CONDITIONS = DEBUG;
				SWIFT_OPTIMIZATION_LEVEL = "-Onone";
			};
			name = Debug;
		};
		22BE71D52898AC0900B64CF9 /* Release */ = {
			isa = XCBuildConfiguration;
			buildSettings = {
				ALWAYS_SEARCH_USER_PATHS = NO;
				CLANG_ANALYZER_NONNULL = YES;
				CLANG_ANALYZER_NUMBER_OBJECT_CONVERSION = YES_AGGRESSIVE;
				CLANG_CXX_LANGUAGE_STANDARD = "gnu++17";
				CLANG_ENABLE_MODULES = YES;
				CLANG_ENABLE_OBJC_ARC = YES;
				CLANG_ENABLE_OBJC_WEAK = YES;
				CLANG_WARN_BLOCK_CAPTURE_AUTORELEASING = YES;
				CLANG_WARN_BOOL_CONVERSION = YES;
				CLANG_WARN_COMMA = YES;
				CLANG_WARN_CONSTANT_CONVERSION = YES;
				CLANG_WARN_DEPRECATED_OBJC_IMPLEMENTATIONS = YES;
				CLANG_WARN_DIRECT_OBJC_ISA_USAGE = YES_ERROR;
				CLANG_WARN_DOCUMENTATION_COMMENTS = YES;
				CLANG_WARN_EMPTY_BODY = YES;
				CLANG_WARN_ENUM_CONVERSION = YES;
				CLANG_WARN_INFINITE_RECURSION = YES;
				CLANG_WARN_INT_CONVERSION = YES;
				CLANG_WARN_NON_LITERAL_NULL_CONVERSION = YES;
				CLANG_WARN_OBJC_IMPLICIT_RETAIN_SELF = YES;
				CLANG_WARN_OBJC_LITERAL_CONVERSION = YES;
				CLANG_WARN_OBJC_ROOT_CLASS = YES_ERROR;
				CLANG_WARN_QUOTED_INCLUDE_IN_FRAMEWORK_HEADER = YES;
				CLANG_WARN_RANGE_LOOP_ANALYSIS = YES;
				CLANG_WARN_STRICT_PROTOTYPES = YES;
				CLANG_WARN_SUSPICIOUS_MOVE = YES;
				CLANG_WARN_UNGUARDED_AVAILABILITY = YES_AGGRESSIVE;
				CLANG_WARN_UNREACHABLE_CODE = YES;
				CLANG_WARN__DUPLICATE_METHOD_MATCH = YES;
				COPY_PHASE_STRIP = NO;
				DEBUG_INFORMATION_FORMAT = "dwarf-with-dsym";
				ENABLE_NS_ASSERTIONS = NO;
				ENABLE_STRICT_OBJC_MSGSEND = YES;
				GCC_C_LANGUAGE_STANDARD = gnu11;
				GCC_NO_COMMON_BLOCKS = YES;
				GCC_WARN_64_TO_32_BIT_CONVERSION = YES;
				GCC_WARN_ABOUT_RETURN_TYPE = YES_ERROR;
				GCC_WARN_UNDECLARED_SELECTOR = YES;
				GCC_WARN_UNINITIALIZED_AUTOS = YES_AGGRESSIVE;
				GCC_WARN_UNUSED_FUNCTION = YES;
				GCC_WARN_UNUSED_VARIABLE = YES;
				IPHONEOS_DEPLOYMENT_TARGET = 15.4;
				MTL_ENABLE_DEBUG_INFO = NO;
				MTL_FAST_MATH = YES;
				SDKROOT = iphoneos;
				SWIFT_COMPILATION_MODE = wholemodule;
				SWIFT_OPTIMIZATION_LEVEL = "-O";
				VALIDATE_PRODUCT = YES;
			};
			name = Release;
		};
		22BE71D72898AC0900B64CF9 /* Debug */ = {
			isa = XCBuildConfiguration;
			buildSettings = {
				ASSETCATALOG_COMPILER_APPICON_NAME = AppIcon;
				ASSETCATALOG_COMPILER_GLOBAL_ACCENT_COLOR_NAME = AccentColor;
				CODE_SIGN_STYLE = Automatic;
				CURRENT_PROJECT_VERSION = 1;
				DEVELOPMENT_TEAM = R5952G3B6X;
				GENERATE_INFOPLIST_FILE = YES;
				INFOPLIST_FILE = shareOfModel/Info.plist;
				INFOPLIST_KEY_UIApplicationSupportsIndirectInputEvents = YES;
				INFOPLIST_KEY_UILaunchStoryboardName = LaunchScreen;
				INFOPLIST_KEY_UISupportedInterfaceOrientations_iPad = "UIInterfaceOrientationPortrait UIInterfaceOrientationPortraitUpsideDown UIInterfaceOrientationLandscapeLeft UIInterfaceOrientationLandscapeRight";
				INFOPLIST_KEY_UISupportedInterfaceOrientations_iPhone = "UIInterfaceOrientationPortrait UIInterfaceOrientationLandscapeLeft UIInterfaceOrientationLandscapeRight";
				LD_RUNPATH_SEARCH_PATHS = (
					"$(inherited)",
					"@executable_path/Frameworks",
				);
				MARKETING_VERSION = 1.0;
				PRODUCT_BUNDLE_IDENTIFIER = com.natincs.komuro.s.shareOfModel;
				PRODUCT_NAME = "$(TARGET_NAME)";
				SWIFT_EMIT_LOC_STRINGS = YES;
				SWIFT_VERSION = 5.0;
				TARGETED_DEVICE_FAMILY = "1,2";
			};
			name = Debug;
		};
		22BE71D82898AC0900B64CF9 /* Release */ = {
			isa = XCBuildConfiguration;
			buildSettings = {
				ASSETCATALOG_COMPILER_APPICON_NAME = AppIcon;
				ASSETCATALOG_COMPILER_GLOBAL_ACCENT_COLOR_NAME = AccentColor;
				CODE_SIGN_STYLE = Automatic;
				CURRENT_PROJECT_VERSION = 1;
				DEVELOPMENT_TEAM = R5952G3B6X;
				GENERATE_INFOPLIST_FILE = YES;
				INFOPLIST_FILE = shareOfModel/Info.plist;
				INFOPLIST_KEY_UIApplicationSupportsIndirectInputEvents = YES;
				INFOPLIST_KEY_UILaunchStoryboardName = LaunchScreen;
				INFOPLIST_KEY_UISupportedInterfaceOrientations_iPad = "UIInterfaceOrientationPortrait UIInterfaceOrientationPortraitUpsideDown UIInterfaceOrientationLandscapeLeft UIInterfaceOrientationLandscapeRight";
				INFOPLIST_KEY_UISupportedInterfaceOrientations_iPhone = "UIInterfaceOrientationPortrait UIInterfaceOrientationLandscapeLeft UIInterfaceOrientationLandscapeRight";
				LD_RUNPATH_SEARCH_PATHS = (
					"$(inherited)",
					"@executable_path/Frameworks",
				);
				MARKETING_VERSION = 1.0;
				PRODUCT_BUNDLE_IDENTIFIER = com.natincs.komuro.s.shareOfModel;
				PRODUCT_NAME = "$(TARGET_NAME)";
				SWIFT_EMIT_LOC_STRINGS = YES;
				SWIFT_VERSION = 5.0;
				TARGETED_DEVICE_FAMILY = "1,2";
			};
			name = Release;
		};
/* End XCBuildConfiguration section */

/* Begin XCConfigurationList section */
		22BE71BD2898AC0700B64CF9 /* Build configuration list for PBXProject "shareOfModel" */ = {
			isa = XCConfigurationList;
			buildConfigurations = (
				22BE71D42898AC0900B64CF9 /* Debug */,
				22BE71D52898AC0900B64CF9 /* Release */,
			);
			defaultConfigurationIsVisible = 0;
			defaultConfigurationName = Release;
		};
		22BE71D62898AC0900B64CF9 /* Build configuration list for PBXNativeTarget "shareOfModel" */ = {
			isa = XCConfigurationList;
			buildConfigurations = (
				22BE71D72898AC0900B64CF9 /* Debug */,
				22BE71D82898AC0900B64CF9 /* Release */,
			);
			defaultConfigurationIsVisible = 0;
			defaultConfigurationName = Release;
		};
/* End XCConfigurationList section */

/* Begin XCRemoteSwiftPackageReference section */
		2257AE6F289A5058007B3C81 /* XCRemoteSwiftPackageReference "SnapKit" */ = {
			isa = XCRemoteSwiftPackageReference;
			repositoryURL = "https://github.com/SnapKit/SnapKit.git";
			requirement = {
				kind = upToNextMajorVersion;
				minimumVersion = 5.0.0;
			};
		};
/* End XCRemoteSwiftPackageReference section */

/* Begin XCSwiftPackageProductDependency section */
		2257AE70289A5058007B3C81 /* SnapKit */ = {
			isa = XCSwiftPackageProductDependency;
			package = 2257AE6F289A5058007B3C81 /* XCRemoteSwiftPackageReference "SnapKit" */;
			productName = SnapKit;
		};
/* End XCSwiftPackageProductDependency section */
	};
	rootObject = 22BE71BA2898AC0700B64CF9 /* Project object */;
}
